Microsoft Visual Studio Solution File, Format Version 11.00
# Visual Studio 2010
Project("{8BC9CEB8-8B4A-11D0-8D11-00A0C91BC942}") = "astab", "astab\astab.vcxproj", "{4D500C87-AE1B-4D99-B9FE-306F0A67886E}"
EndProject
Project("{8BC9CEB8-8B4A-11D0-8D11-00A0C91BC942}") = "stlib", "stlib\stlib.vcxproj", "{D01EDF60-6758-4616-BF1C-2CE48C9ADC11}"
EndProject
Project("{8BC9CEB8-8B4A-11D0-8D11-00A0C91BC942}") = "sqlvm", "sqlvm\sqlvm.vcxproj", "{486B2D6E-5D4D-4F08-A68C-DC94C86D9542}"
EndProject
Global
	GlobalSection(SolutionConfigurationPlatforms) = preSolution
		Debug|Win32 = Debug|Win32
		Release|Win32 = Release|Win32
	EndGlobalSection
	GlobalSection(ProjectConfigurationPlatforms) = postSolution
		{4D500C87-AE1B-4D99-B9FE-306F0A67886E}.Debug|Win32.ActiveCfg = Debug|Win32
		{4D500C87-AE1B-4D99-B9FE-306F0A67886E}.Debug|Win32.Build.0 = Debug|Win32
		{4D500C87-AE1B-4D99-B9FE-306F0A67886E}.Release|Win32.ActiveCfg = Release|Win32
		{4D500C87-AE1B-4D99-B9FE-306F0A67886E}.Release|Win32.Build.0 = Release|Win32
		{D01EDF60-6758-4616-BF1C-2CE48C9ADC11}.Debug|Win32.ActiveCfg = Debug|Win32
		{D01EDF60-6758-4616-BF1C-2CE48C9ADC11}.Debug|Win32.Build.0 = Debug|Win32
		{D01EDF60-6758-4616-BF1C-2CE48C9ADC11}.Release|Win32.ActiveCfg = Release|Win32
		{D01EDF60-6758-4616-BF1C-2CE48C9ADC11}.Release|Win32.Build.0 = Release|Win32
		{486B2D6E-5D4D-4F08-A68C-DC94C86D9542}.Debug|Win32.ActiveCfg = Debug|Win32
		{486B2D6E-5D4D-4F08-A68C-DC94C86D9542}.Debug|Win32.Build.0 = Debug|Win32
		{486B2D6E-5D4D-4F08-A68C-DC94C86D9542}.Release|Win32.ActiveCfg = Release|Win32
		{486B2D6E-5D4D-4F08-A68C-DC94C86D9542}.Release|Win32.Build.0 = Release|Win32
	EndGlobalSection
	GlobalSection(SolutionProperties) = preSolution
		HideSolutionNode = FALSE
	EndGlobalSection
EndGlobal
